// !$*UTF8*$!
{
	archiveVersion = 1;
	classes = {
	};
	objectVersion = 56;
	objects = {

/* Begin PBXBuildFile section */
		A04E22FC2C076DE3007D112F /* AdViewController.swift in Sources */ = {isa = PBXBuildFile; fileRef = A04E22FB2C076DE3007D112F /* AdViewController.swift */; };
		A04E22FE2C076F3E007D112F /* CityDetailViewController.swift in Sources */ = {isa = PBXBuildFile; fileRef = A04E22FD2C076F3E007D112F /* CityDetailViewController.swift */; };
		A04E23012C07810C007D112F /* CityInfo.swift in Sources */ = {isa = PBXBuildFile; fileRef = A04E23002C07810C007D112F /* CityInfo.swift */; };
		A04E23042C07829D007D112F /* CityList.storyboard in Resources */ = {isa = PBXBuildFile; fileRef = A04E23032C07829D007D112F /* CityList.storyboard */; };
		A04E23062C0782E4007D112F /* CityListViewController.swift in Sources */ = {isa = PBXBuildFile; fileRef = A04E23052C0782E4007D112F /* CityListViewController.swift */; };
		A04E23092C0784E4007D112F /* CityListTableViewCell.xib in Resources */ = {isa = PBXBuildFile; fileRef = A04E23082C0784E4007D112F /* CityListTableViewCell.xib */; };
		A04E230A2C0784E4007D112F /* CityListTableViewCell.swift in Sources */ = {isa = PBXBuildFile; fileRef = A04E23072C0784E4007D112F /* CityListTableViewCell.swift */; };
		A073A3AA2C01723C00BF18A4 /* AppDelegate.swift in Sources */ = {isa = PBXBuildFile; fileRef = A073A3A92C01723C00BF18A4 /* AppDelegate.swift */; };
		A073A3AC2C01723C00BF18A4 /* SceneDelegate.swift in Sources */ = {isa = PBXBuildFile; fileRef = A073A3AB2C01723C00BF18A4 /* SceneDelegate.swift */; };
		A073A3AE2C01723C00BF18A4 /* ViewController.swift in Sources */ = {isa = PBXBuildFile; fileRef = A073A3AD2C01723C00BF18A4 /* ViewController.swift */; };
		A073A3B12C01723C00BF18A4 /* Base in Resources */ = {isa = PBXBuildFile; fileRef = A073A3B02C01723C00BF18A4 /* Base */; };
		A073A3B32C01723D00BF18A4 /* Assets.xcassets in Resources */ = {isa = PBXBuildFile; fileRef = A073A3B22C01723D00BF18A4 /* Assets.xcassets */; };
		A073A3B62C01723D00BF18A4 /* Base in Resources */ = {isa = PBXBuildFile; fileRef = A073A3B52C01723D00BF18A4 /* Base */; };
		A073A3BF2C01730100BF18A4 /* Kingfisher in Frameworks */ = {isa = PBXBuildFile; productRef = A073A3BE2C01730100BF18A4 /* Kingfisher */; };
		A073A3C12C0173BD00BF18A4 /* MainTableViewController.swift in Sources */ = {isa = PBXBuildFile; fileRef = A073A3C02C0173BD00BF18A4 /* MainTableViewController.swift */; };
		A09837F92C06959C00B94128 /* UIImageView+Extension.swift in Sources */ = {isa = PBXBuildFile; fileRef = A09837F82C06959C00B94128 /* UIImageView+Extension.swift */; };
		A0AC7ECC2C03091800BADD98 /* MagazineData.swift in Sources */ = {isa = PBXBuildFile; fileRef = A0AC7ECB2C03091800BADD98 /* MagazineData.swift */; };
		A0AC7ECE2C030E2400BADD98 /* MagazineInfo.swift in Sources */ = {isa = PBXBuildFile; fileRef = A0AC7ECD2C030E2300BADD98 /* MagazineInfo.swift */; };
		A0AC7ED02C031B3800BADD98 /* Restaurant.swift in Sources */ = {isa = PBXBuildFile; fileRef = A0AC7ECF2C031B3800BADD98 /* Restaurant.swift */; };
		A0AC7ED22C0381F100BADD98 /* RestaurantTableViewController.swift in Sources */ = {isa = PBXBuildFile; fileRef = A0AC7ED12C0381F100BADD98 /* RestaurantTableViewController.swift */; };
		A0AC7ED42C03820800BADD98 /* RestaurantTableViewCell.swift in Sources */ = {isa = PBXBuildFile; fileRef = A0AC7ED32C03820800BADD98 /* RestaurantTableViewCell.swift */; };
		A0AC7EE82C04C40600BADD98 /* PopularCities.storyboard in Resources */ = {isa = PBXBuildFile; fileRef = A0AC7EE72C04C40600BADD98 /* PopularCities.storyboard */; };
		A0AC7EEB2C04C4FF00BADD98 /* PopularCitiesViewController.swift in Sources */ = {isa = PBXBuildFile; fileRef = A0AC7EEA2C04C4FF00BADD98 /* PopularCitiesViewController.swift */; };
		A0AC7EF22C04C95D00BADD98 /* CitiesTableViewCell.swift in Sources */ = {isa = PBXBuildFile; fileRef = A0AC7EF02C04C95D00BADD98 /* CitiesTableViewCell.swift */; };
		A0AC7EF32C04C95D00BADD98 /* CitiesTableViewCell.xib in Resources */ = {isa = PBXBuildFile; fileRef = A0AC7EF12C04C95D00BADD98 /* CitiesTableViewCell.xib */; };
		A0AC7EF62C04C96E00BADD98 /* AdTableViewCell.swift in Sources */ = {isa = PBXBuildFile; fileRef = A0AC7EF42C04C96E00BADD98 /* AdTableViewCell.swift */; };
		A0AC7EF72C04C96E00BADD98 /* AdTableViewCell.xib in Resources */ = {isa = PBXBuildFile; fileRef = A0AC7EF52C04C96E00BADD98 /* AdTableViewCell.xib */; };
		A0AC7EF92C04CA3400BADD98 /* TravelModel.swift in Sources */ = {isa = PBXBuildFile; fileRef = A0AC7EF82C04CA3400BADD98 /* TravelModel.swift */; };
		A0AC7EFD2C04EBB500BADD98 /* UILabel+Extension.swift in Sources */ = {isa = PBXBuildFile; fileRef = A0AC7EFC2C04EBB500BADD98 /* UILabel+Extension.swift */; };
		A0B1EBA62C0192A50033D347 /* MainTableViewCell.swift in Sources */ = {isa = PBXBuildFile; fileRef = A0B1EBA52C0192A50033D347 /* MainTableViewCell.swift */; };
/* End PBXBuildFile section */

/* Begin PBXFileReference section */
		A04E22FB2C076DE3007D112F /* AdViewController.swift */ = {isa = PBXFileReference; lastKnownFileType = sourcecode.swift; path = AdViewController.swift; sourceTree = "<group>"; };
		A04E22FD2C076F3E007D112F /* CityDetailViewController.swift */ = {isa = PBXFileReference; lastKnownFileType = sourcecode.swift; path = CityDetailViewController.swift; sourceTree = "<group>"; };
		A04E23002C07810C007D112F /* CityInfo.swift */ = {isa = PBXFileReference; fileEncoding = 4; lastKnownFileType = sourcecode.swift; path = CityInfo.swift; sourceTree = "<group>"; };
		A04E23032C07829D007D112F /* CityList.storyboard */ = {isa = PBXFileReference; lastKnownFileType = file.storyboard; path = CityList.storyboard; sourceTree = "<group>"; };
		A04E23052C0782E4007D112F /* CityListViewController.swift */ = {isa = PBXFileReference; lastKnownFileType = sourcecode.swift; path = CityListViewController.swift; sourceTree = "<group>"; };
		A04E23072C0784E4007D112F /* CityListTableViewCell.swift */ = {isa = PBXFileReference; lastKnownFileType = sourcecode.swift; path = CityListTableViewCell.swift; sourceTree = "<group>"; };
		A04E23082C0784E4007D112F /* CityListTableViewCell.xib */ = {isa = PBXFileReference; lastKnownFileType = file.xib; path = CityListTableViewCell.xib; sourceTree = "<group>"; };
		A073A3A62C01723C00BF18A4 /* Magazine.app */ = {isa = PBXFileReference; explicitFileType = wrapper.application; includeInIndex = 0; path = Magazine.app; sourceTree = BUILT_PRODUCTS_DIR; };
		A073A3A92C01723C00BF18A4 /* AppDelegate.swift */ = {isa = PBXFileReference; lastKnownFileType = sourcecode.swift; path = AppDelegate.swift; sourceTree = "<group>"; };
		A073A3AB2C01723C00BF18A4 /* SceneDelegate.swift */ = {isa = PBXFileReference; lastKnownFileType = sourcecode.swift; path = SceneDelegate.swift; sourceTree = "<group>"; };
		A073A3AD2C01723C00BF18A4 /* ViewController.swift */ = {isa = PBXFileReference; lastKnownFileType = sourcecode.swift; path = ViewController.swift; sourceTree = "<group>"; };
		A073A3B02C01723C00BF18A4 /* Base */ = {isa = PBXFileReference; lastKnownFileType = file.storyboard; name = Base; path = Base.lproj/Main.storyboard; sourceTree = "<group>"; };
		A073A3B22C01723D00BF18A4 /* Assets.xcassets */ = {isa = PBXFileReference; lastKnownFileType = folder.assetcatalog; path = Assets.xcassets; sourceTree = "<group>"; };
		A073A3B52C01723D00BF18A4 /* Base */ = {isa = PBXFileReference; lastKnownFileType = file.storyboard; name = Base; path = Base.lproj/LaunchScreen.storyboard; sourceTree = "<group>"; };
		A073A3B72C01723D00BF18A4 /* Info.plist */ = {isa = PBXFileReference; lastKnownFileType = text.plist.xml; path = Info.plist; sourceTree = "<group>"; };
		A073A3C02C0173BD00BF18A4 /* MainTableViewController.swift */ = {isa = PBXFileReference; lastKnownFileType = sourcecode.swift; path = MainTableViewController.swift; sourceTree = "<group>"; };
		A09837F82C06959C00B94128 /* UIImageView+Extension.swift */ = {isa = PBXFileReference; lastKnownFileType = sourcecode.swift; path = "UIImageView+Extension.swift"; sourceTree = "<group>"; };
		A0AC7ECB2C03091800BADD98 /* MagazineData.swift */ = {isa = PBXFileReference; lastKnownFileType = sourcecode.swift; path = MagazineData.swift; sourceTree = "<group>"; };
		A0AC7ECD2C030E2300BADD98 /* MagazineInfo.swift */ = {isa = PBXFileReference; fileEncoding = 4; lastKnownFileType = sourcecode.swift; path = MagazineInfo.swift; sourceTree = "<group>"; };
		A0AC7ECF2C031B3800BADD98 /* Restaurant.swift */ = {isa = PBXFileReference; fileEncoding = 4; lastKnownFileType = sourcecode.swift; path = Restaurant.swift; sourceTree = "<group>"; };
		A0AC7ED12C0381F100BADD98 /* RestaurantTableViewController.swift */ = {isa = PBXFileReference; lastKnownFileType = sourcecode.swift; path = RestaurantTableViewController.swift; sourceTree = "<group>"; };
		A0AC7ED32C03820800BADD98 /* RestaurantTableViewCell.swift */ = {isa = PBXFileReference; lastKnownFileType = sourcecode.swift; path = RestaurantTableViewCell.swift; sourceTree = "<group>"; };
		A0AC7EE72C04C40600BADD98 /* PopularCities.storyboard */ = {isa = PBXFileReference; lastKnownFileType = file.storyboard; path = PopularCities.storyboard; sourceTree = "<group>"; };
		A0AC7EEA2C04C4FF00BADD98 /* PopularCitiesViewController.swift */ = {isa = PBXFileReference; lastKnownFileType = sourcecode.swift; path = PopularCitiesViewController.swift; sourceTree = "<group>"; };
		A0AC7EF02C04C95D00BADD98 /* CitiesTableViewCell.swift */ = {isa = PBXFileReference; lastKnownFileType = sourcecode.swift; path = CitiesTableViewCell.swift; sourceTree = "<group>"; };
		A0AC7EF12C04C95D00BADD98 /* CitiesTableViewCell.xib */ = {isa = PBXFileReference; lastKnownFileType = file.xib; path = CitiesTableViewCell.xib; sourceTree = "<group>"; };
		A0AC7EF42C04C96E00BADD98 /* AdTableViewCell.swift */ = {isa = PBXFileReference; lastKnownFileType = sourcecode.swift; path = AdTableViewCell.swift; sourceTree = "<group>"; };
		A0AC7EF52C04C96E00BADD98 /* AdTableViewCell.xib */ = {isa = PBXFileReference; lastKnownFileType = file.xib; path = AdTableViewCell.xib; sourceTree = "<group>"; };
		A0AC7EF82C04CA3400BADD98 /* TravelModel.swift */ = {isa = PBXFileReference; fileEncoding = 4; lastKnownFileType = sourcecode.swift; path = TravelModel.swift; sourceTree = "<group>"; };
		A0AC7EFC2C04EBB500BADD98 /* UILabel+Extension.swift */ = {isa = PBXFileReference; lastKnownFileType = sourcecode.swift; path = "UILabel+Extension.swift"; sourceTree = "<group>"; };
		A0B1EBA52C0192A50033D347 /* MainTableViewCell.swift */ = {isa = PBXFileReference; lastKnownFileType = sourcecode.swift; path = MainTableViewCell.swift; sourceTree = "<group>"; };
/* End PBXFileReference section */

/* Begin PBXFrameworksBuildPhase section */
		A073A3A32C01723C00BF18A4 /* Frameworks */ = {
			isa = PBXFrameworksBuildPhase;
			buildActionMask = 2147483647;
			files = (
				A073A3BF2C01730100BF18A4 /* Kingfisher in Frameworks */,
			);
			runOnlyForDeploymentPostprocessing = 0;
		};
/* End PBXFrameworksBuildPhase section */

/* Begin PBXGroup section */
		A04E23022C07824D007D112F /* CityList */ = {
			isa = PBXGroup;
			children = (
				A04E23032C07829D007D112F /* CityList.storyboard */,
				A04E23052C0782E4007D112F /* CityListViewController.swift */,
				A04E23072C0784E4007D112F /* CityListTableViewCell.swift */,
				A04E23082C0784E4007D112F /* CityListTableViewCell.xib */,
			);
			path = CityList;
			sourceTree = "<group>";
		};
		A073A39D2C01723C00BF18A4 = {
			isa = PBXGroup;
			children = (
				A073A3A82C01723C00BF18A4 /* Magazine */,
				A073A3A72C01723C00BF18A4 /* Products */,
			);
			sourceTree = "<group>";
		};
		A073A3A72C01723C00BF18A4 /* Products */ = {
			isa = PBXGroup;
			children = (
				A073A3A62C01723C00BF18A4 /* Magazine.app */,
			);
			name = Products;
			sourceTree = "<group>";
		};
		A073A3A82C01723C00BF18A4 /* Magazine */ = {
			isa = PBXGroup;
			children = (
				A04E23022C07824D007D112F /* CityList */,
				A04E23002C07810C007D112F /* CityInfo.swift */,
				A073A3A92C01723C00BF18A4 /* AppDelegate.swift */,
				A073A3AB2C01723C00BF18A4 /* SceneDelegate.swift */,
				A073A3AD2C01723C00BF18A4 /* ViewController.swift */,
				A073A3AF2C01723C00BF18A4 /* Main.storyboard */,
				A073A3B22C01723D00BF18A4 /* Assets.xcassets */,
				A073A3B42C01723D00BF18A4 /* LaunchScreen.storyboard */,
				A073A3B72C01723D00BF18A4 /* Info.plist */,
				A073A3C02C0173BD00BF18A4 /* MainTableViewController.swift */,
				A0B1EBA52C0192A50033D347 /* MainTableViewCell.swift */,
				A0AC7ECB2C03091800BADD98 /* MagazineData.swift */,
				A0AC7ECD2C030E2300BADD98 /* MagazineInfo.swift */,
				A0AC7ECF2C031B3800BADD98 /* Restaurant.swift */,
				A0AC7ED12C0381F100BADD98 /* RestaurantTableViewController.swift */,
				A0AC7ED32C03820800BADD98 /* RestaurantTableViewCell.swift */,
				A0AC7EE92C04C4D000BADD98 /* PopularCities */,
				A0AC7EFC2C04EBB500BADD98 /* UILabel+Extension.swift */,
				A09837F82C06959C00B94128 /* UIImageView+Extension.swift */,
			);
			path = Magazine;
			sourceTree = "<group>";
		};
		A0AC7EE92C04C4D000BADD98 /* PopularCities */ = {
			isa = PBXGroup;
			children = (
				A0AC7EF82C04CA3400BADD98 /* TravelModel.swift */,
				A0AC7EE72C04C40600BADD98 /* PopularCities.storyboard */,
				A0AC7EEA2C04C4FF00BADD98 /* PopularCitiesViewController.swift */,
				A0AC7EF02C04C95D00BADD98 /* CitiesTableViewCell.swift */,
				A0AC7EF12C04C95D00BADD98 /* CitiesTableViewCell.xib */,
				A0AC7EF42C04C96E00BADD98 /* AdTableViewCell.swift */,
				A0AC7EF52C04C96E00BADD98 /* AdTableViewCell.xib */,
				A04E22FB2C076DE3007D112F /* AdViewController.swift */,
				A04E22FD2C076F3E007D112F /* CityDetailViewController.swift */,
			);
			path = PopularCities;
			sourceTree = "<group>";
		};
/* End PBXGroup section */

/* Begin PBXNativeTarget section */
		A073A3A52C01723C00BF18A4 /* Magazine */ = {
			isa = PBXNativeTarget;
			buildConfigurationList = A073A3BA2C01723D00BF18A4 /* Build configuration list for PBXNativeTarget "Magazine" */;
			buildPhases = (
				A073A3A22C01723C00BF18A4 /* Sources */,
				A073A3A32C01723C00BF18A4 /* Frameworks */,
				A073A3A42C01723C00BF18A4 /* Resources */,
			);
			buildRules = (
			);
			dependencies = (
			);
			name = Magazine;
			packageProductDependencies = (
				A073A3BE2C01730100BF18A4 /* Kingfisher */,
			);
			productName = Magazine;
			productReference = A073A3A62C01723C00BF18A4 /* Magazine.app */;
			productType = "com.apple.product-type.application";
		};
/* End PBXNativeTarget section */

/* Begin PBXProject section */
		A073A39E2C01723C00BF18A4 /* Project object */ = {
			isa = PBXProject;
			attributes = {
				BuildIndependentTargetsInParallel = 1;
				LastSwiftUpdateCheck = 1540;
				LastUpgradeCheck = 1540;
				TargetAttributes = {
					A073A3A52C01723C00BF18A4 = {
						CreatedOnToolsVersion = 15.4;
					};
				};
			};
			buildConfigurationList = A073A3A12C01723C00BF18A4 /* Build configuration list for PBXProject "Magazine" */;
			compatibilityVersion = "Xcode 14.0";
			developmentRegion = en;
			hasScannedForEncodings = 0;
			knownRegions = (
				en,
				Base,
			);
			mainGroup = A073A39D2C01723C00BF18A4;
			packageReferences = (
				A073A3BD2C01730100BF18A4 /* XCRemoteSwiftPackageReference "Kingfisher" */,
			);
			productRefGroup = A073A3A72C01723C00BF18A4 /* Products */;
			projectDirPath = "";
			projectRoot = "";
			targets = (
				A073A3A52C01723C00BF18A4 /* Magazine */,
			);
		};
/* End PBXProject section */

/* Begin PBXResourcesBuildPhase section */
		A073A3A42C01723C00BF18A4 /* Resources */ = {
			isa = PBXResourcesBuildPhase;
			buildActionMask = 2147483647;
			files = (
				A073A3B32C01723D00BF18A4 /* Assets.xcassets in Resources */,
				A0AC7EF32C04C95D00BADD98 /* CitiesTableViewCell.xib in Resources */,
				A04E23092C0784E4007D112F /* CityListTableViewCell.xib in Resources */,
				A0AC7EF72C04C96E00BADD98 /* AdTableViewCell.xib in Resources */,
				A073A3B62C01723D00BF18A4 /* Base in Resources */,
				A04E23042C07829D007D112F /* CityList.storyboard in Resources */,
				A073A3B12C01723C00BF18A4 /* Base in Resources */,
				A0AC7EE82C04C40600BADD98 /* PopularCities.storyboard in Resources */,
			);
			runOnlyForDeploymentPostprocessing = 0;
		};
/* End PBXResourcesBuildPhase section */

/* Begin PBXSourcesBuildPhase section */
		A073A3A22C01723C00BF18A4 /* Sources */ = {
			isa = PBXSourcesBuildPhase;
			buildActionMask = 2147483647;
			files = (
				A0AC7EF22C04C95D00BADD98 /* CitiesTableViewCell.swift in Sources */,
				A0AC7ED42C03820800BADD98 /* RestaurantTableViewCell.swift in Sources */,
				A0AC7EFD2C04EBB500BADD98 /* UILabel+Extension.swift in Sources */,
				A04E23062C0782E4007D112F /* CityListViewController.swift in Sources */,
				A073A3C12C0173BD00BF18A4 /* MainTableViewController.swift in Sources */,
				A04E22FE2C076F3E007D112F /* CityDetailViewController.swift in Sources */,
				A0AC7EEB2C04C4FF00BADD98 /* PopularCitiesViewController.swift in Sources */,
				A0AC7ECC2C03091800BADD98 /* MagazineData.swift in Sources */,
				A04E22FC2C076DE3007D112F /* AdViewController.swift in Sources */,
				A0AC7ED22C0381F100BADD98 /* RestaurantTableViewController.swift in Sources */,
				A073A3AE2C01723C00BF18A4 /* ViewController.swift in Sources */,
				A0AC7EF92C04CA3400BADD98 /* TravelModel.swift in Sources */,
				A073A3AA2C01723C00BF18A4 /* AppDelegate.swift in Sources */,
				A0AC7ED02C031B3800BADD98 /* Restaurant.swift in Sources */,
				A04E23012C07810C007D112F /* CityInfo.swift in Sources */,
				A09837F92C06959C00B94128 /* UIImageView+Extension.swift in Sources */,
				A0AC7EF62C04C96E00BADD98 /* AdTableViewCell.swift in Sources */,
				A0AC7ECE2C030E2400BADD98 /* MagazineInfo.swift in Sources */,
				A073A3AC2C01723C00BF18A4 /* SceneDelegate.swift in Sources */,
				A04E230A2C0784E4007D112F /* CityListTableViewCell.swift in Sources */,
				A0B1EBA62C0192A50033D347 /* MainTableViewCell.swift in Sources */,
			);
			runOnlyForDeploymentPostprocessing = 0;
		};
/* End PBXSourcesBuildPhase section */

/* Begin PBXVariantGroup section */
		A073A3AF2C01723C00BF18A4 /* Main.storyboard */ = {
			isa = PBXVariantGroup;
			children = (
				A073A3B02C01723C00BF18A4 /* Base */,
			);
			name = Main.storyboard;
			sourceTree = "<group>";
		};
		A073A3B42C01723D00BF18A4 /* LaunchScreen.storyboard */ = {
			isa = PBXVariantGroup;
			children = (
				A073A3B52C01723D00BF18A4 /* Base */,
			);
			name = LaunchScreen.storyboard;
			sourceTree = "<group>";
		};
/* End PBXVariantGroup section */

/* Begin XCBuildConfiguration section */
		A073A3B82C01723D00BF18A4 /* Debug */ = {
			isa = XCBuildConfiguration;
			buildSettings = {
				ALWAYS_SEARCH_USER_PATHS = NO;
				ASSETCATALOG_COMPILER_GENERATE_SWIFT_ASSET_SYMBOL_EXTENSIONS = YES;
				CLANG_ANALYZER_NONNULL = YES;
				CLANG_ANALYZER_NUMBER_OBJECT_CONVERSION = YES_AGGRESSIVE;
				CLANG_CXX_LANGUAGE_STANDARD = "gnu++20";
				CLANG_ENABLE_MODULES = YES;
				CLANG_ENABLE_OBJC_ARC = YES;
				CLANG_ENABLE_OBJC_WEAK = YES;
				CLANG_WARN_BLOCK_CAPTURE_AUTORELEASING = YES;
				CLANG_WARN_BOOL_CONVERSION = YES;
				CLANG_WARN_COMMA = YES;
				CLANG_WARN_CONSTANT_CONVERSION = YES;
				CLANG_WARN_DEPRECATED_OBJC_IMPLEMENTATIONS = YES;
				CLANG_WARN_DIRECT_OBJC_ISA_USAGE = YES_ERROR;
				CLANG_WARN_DOCUMENTATION_COMMENTS = YES;
				CLANG_WARN_EMPTY_BODY = YES;
				CLANG_WARN_ENUM_CONVERSION = YES;
				CLANG_WARN_INFINITE_RECURSION = YES;
				CLANG_WARN_INT_CONVERSION = YES;
				CLANG_WARN_NON_LITERAL_NULL_CONVERSION = YES;
				CLANG_WARN_OBJC_IMPLICIT_RETAIN_SELF = YES;
				CLANG_WARN_OBJC_LITERAL_CONVERSION = YES;
				CLANG_WARN_OBJC_ROOT_CLASS = YES_ERROR;
				CLANG_WARN_QUOTED_INCLUDE_IN_FRAMEWORK_HEADER = YES;
				CLANG_WARN_RANGE_LOOP_ANALYSIS = YES;
				CLANG_WARN_STRICT_PROTOTYPES = YES;
				CLANG_WARN_SUSPICIOUS_MOVE = YES;
				CLANG_WARN_UNGUARDED_AVAILABILITY = YES_AGGRESSIVE;
				CLANG_WARN_UNREACHABLE_CODE = YES;
				CLANG_WARN__DUPLICATE_METHOD_MATCH = YES;
				COPY_PHASE_STRIP = NO;
				DEBUG_INFORMATION_FORMAT = dwarf;
				ENABLE_STRICT_OBJC_MSGSEND = YES;
				ENABLE_TESTABILITY = YES;
				ENABLE_USER_SCRIPT_SANDBOXING = YES;
				GCC_C_LANGUAGE_STANDARD = gnu17;
				GCC_DYNAMIC_NO_PIC = NO;
				GCC_NO_COMMON_BLOCKS = YES;
				GCC_OPTIMIZATION_LEVEL = 0;
				GCC_PREPROCESSOR_DEFINITIONS = (
					"DEBUG=1",
					"$(inherited)",
				);
				GCC_WARN_64_TO_32_BIT_CONVERSION = YES;
				GCC_WARN_ABOUT_RETURN_TYPE = YES_ERROR;
				GCC_WARN_UNDECLARED_SELECTOR = YES;
				GCC_WARN_UNINITIALIZED_AUTOS = YES_AGGRESSIVE;
				GCC_WARN_UNUSED_FUNCTION = YES;
				GCC_WARN_UNUSED_VARIABLE = YES;
				IPHONEOS_DEPLOYMENT_TARGET = 17.5;
				LOCALIZATION_PREFERS_STRING_CATALOGS = YES;
				MTL_ENABLE_DEBUG_INFO = INCLUDE_SOURCE;
				MTL_FAST_MATH = YES;
				ONLY_ACTIVE_ARCH = YES;
				SDKROOT = iphoneos;
				SWIFT_ACTIVE_COMPILATION_CONDITIONS = "DEBUG $(inherited)";
				SWIFT_OPTIMIZATION_LEVEL = "-Onone";
			};
			name = Debug;
		};
		A073A3B92C01723D00BF18A4 /* Release */ = {
			isa = XCBuildConfiguration;
			buildSettings = {
				ALWAYS_SEARCH_USER_PATHS = NO;
				ASSETCATALOG_COMPILER_GENERATE_SWIFT_ASSET_SYMBOL_EXTENSIONS = YES;
				CLANG_ANALYZER_NONNULL = YES;
				CLANG_ANALYZER_NUMBER_OBJECT_CONVERSION = YES_AGGRESSIVE;
				CLANG_CXX_LANGUAGE_STANDARD = "gnu++20";
				CLANG_ENABLE_MODULES = YES;
				CLANG_ENABLE_OBJC_ARC = YES;
				CLANG_ENABLE_OBJC_WEAK = YES;
				CLANG_WARN_BLOCK_CAPTURE_AUTORELEASING = YES;
				CLANG_WARN_BOOL_CONVERSION = YES;
				CLANG_WARN_COMMA = YES;
				CLANG_WARN_CONSTANT_CONVERSION = YES;
				CLANG_WARN_DEPRECATED_OBJC_IMPLEMENTATIONS = YES;
				CLANG_WARN_DIRECT_OBJC_ISA_USAGE = YES_ERROR;
				CLANG_WARN_DOCUMENTATION_COMMENTS = YES;
				CLANG_WARN_EMPTY_BODY = YES;
				CLANG_WARN_ENUM_CONVERSION = YES;
				CLANG_WARN_INFINITE_RECURSION = YES;
				CLANG_WARN_INT_CONVERSION = YES;
				CLANG_WARN_NON_LITERAL_NULL_CONVERSION = YES;
				CLANG_WARN_OBJC_IMPLICIT_RETAIN_SELF = YES;
				CLANG_WARN_OBJC_LITERAL_CONVERSION = YES;
				CLANG_WARN_OBJC_ROOT_CLASS = YES_ERROR;
				CLANG_WARN_QUOTED_INCLUDE_IN_FRAMEWORK_HEADER = YES;
				CLANG_WARN_RANGE_LOOP_ANALYSIS = YES;
				CLANG_WARN_STRICT_PROTOTYPES = YES;
				CLANG_WARN_SUSPICIOUS_MOVE = YES;
				CLANG_WARN_UNGUARDED_AVAILABILITY = YES_AGGRESSIVE;
				CLANG_WARN_UNREACHABLE_CODE = YES;
				CLANG_WARN__DUPLICATE_METHOD_MATCH = YES;
				COPY_PHASE_STRIP = NO;
				DEBUG_INFORMATION_FORMAT = "dwarf-with-dsym";
				ENABLE_NS_ASSERTIONS = NO;
				ENABLE_STRICT_OBJC_MSGSEND = YES;
				ENABLE_USER_SCRIPT_SANDBOXING = YES;
				GCC_C_LANGUAGE_STANDARD = gnu17;
				GCC_NO_COMMON_BLOCKS = YES;
				GCC_WARN_64_TO_32_BIT_CONVERSION = YES;
				GCC_WARN_ABOUT_RETURN_TYPE = YES_ERROR;
				GCC_WARN_UNDECLARED_SELECTOR = YES;
				GCC_WARN_UNINITIALIZED_AUTOS = YES_AGGRESSIVE;
				GCC_WARN_UNUSED_FUNCTION = YES;
				GCC_WARN_UNUSED_VARIABLE = YES;
				IPHONEOS_DEPLOYMENT_TARGET = 17.5;
				LOCALIZATION_PREFERS_STRING_CATALOGS = YES;
				MTL_ENABLE_DEBUG_INFO = NO;
				MTL_FAST_MATH = YES;
				SDKROOT = iphoneos;
				SWIFT_COMPILATION_MODE = wholemodule;
				VALIDATE_PRODUCT = YES;
			};
			name = Release;
		};
		A073A3BB2C01723D00BF18A4 /* Debug */ = {
			isa = XCBuildConfiguration;
			buildSettings = {
				ASSETCATALOG_COMPILER_APPICON_NAME = AppIcon;
				ASSETCATALOG_COMPILER_GLOBAL_ACCENT_COLOR_NAME = AccentColor;
				CODE_SIGN_STYLE = Automatic;
				CURRENT_PROJECT_VERSION = 1;
				DEVELOPMENT_TEAM = HP4XA8YZN3;
				GENERATE_INFOPLIST_FILE = YES;
				INFOPLIST_FILE = Magazine/Info.plist;
				INFOPLIST_KEY_UIApplicationSupportsIndirectInputEvents = YES;
				INFOPLIST_KEY_UILaunchStoryboardName = LaunchScreen;
				INFOPLIST_KEY_UIMainStoryboardFile = Main;
				INFOPLIST_KEY_UISupportedInterfaceOrientations = UIInterfaceOrientationPortrait;
				INFOPLIST_KEY_UISupportedInterfaceOrientations_iPad = "UIInterfaceOrientationLandscapeLeft UIInterfaceOrientationLandscapeRight UIInterfaceOrientationPortrait UIInterfaceOrientationPortraitUpsideDown";
				IPHONEOS_DEPLOYMENT_TARGET = 16.0;
				LD_RUNPATH_SEARCH_PATHS = (
					"$(inherited)",
					"@executable_path/Frameworks",
				);
				MARKETING_VERSION = 1.0;
				PRODUCT_BUNDLE_IDENTIFIER = com.yeoyeo.Magazine;
				PRODUCT_NAME = "$(TARGET_NAME)";
				SUPPORTED_PLATFORMS = "iphoneos iphonesimulator";
				SUPPORTS_MACCATALYST = NO;
				SUPPORTS_MAC_DESIGNED_FOR_IPHONE_IPAD = NO;
				SUPPORTS_XR_DESIGNED_FOR_IPHONE_IPAD = NO;
				SWIFT_EMIT_LOC_STRINGS = YES;
				SWIFT_VERSION = 5.0;
				TARGETED_DEVICE_FAMILY = 1;
			};
			name = Debug;
		};
		A073A3BC2C01723D00BF18A4 /* Release */ = {
			isa = XCBuildConfiguration;
			buildSettings = {
				ASSETCATALOG_COMPILER_APPICON_NAME = AppIcon;
				ASSETCATALOG_COMPILER_GLOBAL_ACCENT_COLOR_NAME = AccentColor;
				CODE_SIGN_STYLE = Automatic;
				CURRENT_PROJECT_VERSION = 1;
				DEVELOPMENT_TEAM = HP4XA8YZN3;
				GENERATE_INFOPLIST_FILE = YES;
				INFOPLIST_FILE = Magazine/Info.plist;
				INFOPLIST_KEY_UIApplicationSupportsIndirectInputEvents = YES;
				INFOPLIST_KEY_UILaunchStoryboardName = LaunchScreen;
				INFOPLIST_KEY_UIMainStoryboardFile = Main;
				INFOPLIST_KEY_UISupportedInterfaceOrientations = UIInterfaceOrientationPortrait;
				INFOPLIST_KEY_UISupportedInterfaceOrientations_iPad = "UIInterfaceOrientationLandscapeLeft UIInterfaceOrientationLandscapeRight UIInterfaceOrientationPortrait UIInterfaceOrientationPortraitUpsideDown";
				IPHONEOS_DEPLOYMENT_TARGET = 16.0;
				LD_RUNPATH_SEARCH_PATHS = (
					"$(inherited)",
					"@executable_path/Frameworks",
				);
				MARKETING_VERSION = 1.0;
				PRODUCT_BUNDLE_IDENTIFIER = com.yeoyeo.Magazine;
				PRODUCT_NAME = "$(TARGET_NAME)";
				SUPPORTED_PLATFORMS = "iphoneos iphonesimulator";
				SUPPORTS_MACCATALYST = NO;
				SUPPORTS_MAC_DESIGNED_FOR_IPHONE_IPAD = NO;
				SUPPORTS_XR_DESIGNED_FOR_IPHONE_IPAD = NO;
				SWIFT_EMIT_LOC_STRINGS = YES;
				SWIFT_VERSION = 5.0;
				TARGETED_DEVICE_FAMILY = 1;
			};
			name = Release;
		};
/* End XCBuildConfiguration section */

/* Begin XCConfigurationList section */
		A073A3A12C01723C00BF18A4 /* Build configuration list for PBXProject "Magazine" */ = {
			isa = XCConfigurationList;
			buildConfigurations = (
				A073A3B82C01723D00BF18A4 /* Debug */,
				A073A3B92C01723D00BF18A4 /* Release */,
			);
			defaultConfigurationIsVisible = 0;
			defaultConfigurationName = Release;
		};
		A073A3BA2C01723D00BF18A4 /* Build configuration list for PBXNativeTarget "Magazine" */ = {
			isa = XCConfigurationList;
			buildConfigurations = (
				A073A3BB2C01723D00BF18A4 /* Debug */,
				A073A3BC2C01723D00BF18A4 /* Release */,
			);
			defaultConfigurationIsVisible = 0;
			defaultConfigurationName = Release;
		};
/* End XCConfigurationList section */

/* Begin XCRemoteSwiftPackageReference section */
		A073A3BD2C01730100BF18A4 /* XCRemoteSwiftPackageReference "Kingfisher" */ = {
			isa = XCRemoteSwiftPackageReference;
			repositoryURL = "https://github.com/onevcat/Kingfisher.git";
			requirement = {
				kind = upToNextMajorVersion;
				minimumVersion = 7.0.0;
			};
		};
/* End XCRemoteSwiftPackageReference section */

/* Begin XCSwiftPackageProductDependency section */
		A073A3BE2C01730100BF18A4 /* Kingfisher */ = {
			isa = XCSwiftPackageProductDependency;
			package = A073A3BD2C01730100BF18A4 /* XCRemoteSwiftPackageReference "Kingfisher" */;
			productName = Kingfisher;
		};
/* End XCSwiftPackageProductDependency section */
	};
	rootObject = A073A39E2C01723C00BF18A4 /* Project object */;
}
